# THIS IS AN AUTOGENERATED FILE. DO NOT EDIT THIS FILE DIRECTLY.
# yarn lockfile v1


cytoscape-cola@^2.3.0:
  version "2.3.0"
  resolved "http://npm.caicloud.xyz/cytoscape-cola/-/cytoscape-cola-2.3.0.tgz#24104eaab46e0a88dfeedb02199610450525208d"
  integrity sha1-JBBOqrRuCojf7tsCGZYQRQUlII0=
  dependencies:
    webcola "^3.3.6"

cytoscape-popper@^1.0.4:
  version "1.0.4"
  resolved "http://npm.caicloud.xyz/cytoscape-popper/-/cytoscape-popper-1.0.4.tgz#13388223d6d84f66f121643fb1213c26d1c693f8"
  integrity sha1-EziCI9bYT2bxIWQ/sSE8JtHGk/g=
  dependencies:
    popper.js "^1.0.0"

cytoscape@^3.12.1:
  version "3.12.1"
  resolved "http://npm.caicloud.xyz/cytoscape/-/cytoscape-3.12.1.tgz#48fe85481ba7ba4c3b77396426b6b9cc27fe2bb4"
  integrity sha1-SP6FSBunukw7dzlkJra5zCf+K7Q=
  dependencies:
    heap "^0.2.6"
    lodash.debounce "^4.0.8"

d3-dispatch@1, d3-dispatch@^1.0.3:
  version "1.0.6"
  resolved "http://npm.caicloud.xyz/d3-dispatch/-/d3-dispatch-1.0.6.tgz#00d37bcee4dd8cd97729dd893a0ac29caaba5d58"
  integrity sha1-ANN7zuTdjNl3Kd2JOgrCnKq6XVg=

d3-drag@^1.0.4:
  version "1.2.5"
  resolved "http://npm.caicloud.xyz/d3-drag/-/d3-drag-1.2.5.tgz#2537f451acd39d31406677b7dc77c82f7d988f70"
  integrity sha1-JTf0UazTnTFAZne33HfIL32Yj3A=
  dependencies:
    d3-dispatch "1"
    d3-selection "1"

d3-path@1:
  version "1.0.9"
  resolved "http://npm.caicloud.xyz/d3-path/-/d3-path-1.0.9.tgz#48c050bb1fe8c262493a8caf5524e3e9591701cf"
  integrity sha1-SMBQux/owmJJOoyvVSTj6VkXAc8=

d3-selection@1:
  version "1.4.1"
  resolved "http://npm.caicloud.xyz/d3-selection/-/d3-selection-1.4.1.tgz#98eedbbe085fbda5bafa2f9e3f3a2f4d7d622a98"
  integrity sha1-mO7bvghfvaW6+i+ePzovTX1iKpg=

d3-shape@^1.3.5:
  version "1.3.7"
  resolved "http://npm.caicloud.xyz/d3-shape/-/d3-shape-1.3.7.tgz#df63801be07bc986bc54f63789b4fe502992b5d7"
  integrity sha1-32OAG+B7yYa8VPY3ibT+UCmStdc=
  dependencies:
    d3-path "1"

d3-timer@^1.0.5:
  version "1.0.10"
  resolved "http://npm.caicloud.xyz/d3-timer/-/d3-timer-1.0.10.tgz#dfe76b8a91748831b13b6d9c793ffbd508dd9de5"
  integrity sha1-3+dripF0iDGxO22ceT/71QjdneU=

heap@^0.2.6:
  version "0.2.6"
  resolved "http://npm.caicloud.xyz/heap/-/heap-0.2.6.tgz#087e1f10b046932fc8594dd9e6d378afc9d1e5ac"
  integrity sha1-CH4fELBGky/IWU3Z5tN4r8nR5aw=

loadsh@^0.0.4:
  version "0.0.4"
  resolved "http://npm.caicloud.xyz/loadsh/-/loadsh-0.0.4.tgz#5314babd12bb13315dde024a4ca70758c5489d2d"
  integrity sha1-UxS6vRK7EzFd3gJKTKcHWMVInS0=

lodash.debounce@^4.0.8:
  version "4.0.8"
  resolved "http://npm.caicloud.xyz/lodash.debounce/-/lodash.debounce-4.0.8.tgz#82d79bff30a67c4005ffd5e2515300ad9ca4d7af"
  integrity sha1-gteb/zCmfEAF/9XiUVMArZyk168=

popper.js@^1.0.0, popper.js@^1.16.0:
  version "1.16.0"
  resolved "http://npm.caicloud.xyz/popper.js/-/popper.js-1.16.0.tgz#2e1816bcbbaa518ea6c2e15a466f4cb9c6e2fbb3"
  integrity sha1-LhgWvLuqUY6mwuFaRm9Mucbi+7M=

tippy.js@^5.1.2:
  version "5.1.2"
  resolved "http://npm.caicloud.xyz/tippy.js/-/tippy.js-5.1.2.tgz#5ac91233c59ab482ef5988cffe6e08bd26528e66"
  integrity sha1-WskSM8WatILvWYjP/m4IvSZSjmY=
  dependencies:
    popper.js "^1.16.0"

webcola@^3.3.6, webcola@^3.4.0:
  version "3.4.0"
  resolved "http://npm.caicloud.xyz/webcola/-/webcola-3.4.0.tgz#490d26ae98e5b5109478b94a846a62ff6831a99d"
  integrity sha1-SQ0mrpjltRCUeLlKhGpi/2gxqZ0=
  dependencies:
    d3-dispatch "^1.0.3"
    d3-drag "^1.0.4"
    d3-shape "^1.3.5"
    d3-timer "^1.0.5"
